// !$*UTF8*$!
{
	archiveVersion = 1;
	classes = {
	};
	objectVersion = 55;
	objects = {

/* Begin PBXBuildFile section */
		F31A221429AB692C00F7C85A /* HomeViewModel.swift in Sources */ = {isa = PBXBuildFile; fileRef = F31A221329AB692C00F7C85A /* HomeViewModel.swift */; };
		F31A221729AB6DBD00F7C85A /* MovieListModel.swift in Sources */ = {isa = PBXBuildFile; fileRef = F31A221629AB6DBD00F7C85A /* MovieListModel.swift */; };
		F320BBBE29A7D29300274A46 /* DataPreparationLayer.swift in Sources */ = {isa = PBXBuildFile; fileRef = F320BBBD29A7D29300274A46 /* DataPreparationLayer.swift */; };
		F320BBC029A7D35300274A46 /* RequestDataModel.swift in Sources */ = {isa = PBXBuildFile; fileRef = F320BBBF29A7D35300274A46 /* RequestDataModel.swift */; };
		F320BBC229A7E2F000274A46 /* ResponseDataModel.swift in Sources */ = {isa = PBXBuildFile; fileRef = F320BBC129A7E2F000274A46 /* ResponseDataModel.swift */; };
		F320BBC429A7E2FB00274A46 /* NetworkErrorEnum.swift in Sources */ = {isa = PBXBuildFile; fileRef = F320BBC329A7E2FB00274A46 /* NetworkErrorEnum.swift */; };
		F320BBC629A7E30B00274A46 /* ApiTypeEnum.swift in Sources */ = {isa = PBXBuildFile; fileRef = F320BBC529A7E30B00274A46 /* ApiTypeEnum.swift */; };
		F324EE7829A24B9D0050CABD /* AppDelegate.swift in Sources */ = {isa = PBXBuildFile; fileRef = F324EE7729A24B9D0050CABD /* AppDelegate.swift */; };
		F324EE7A29A24B9D0050CABD /* SceneDelegate.swift in Sources */ = {isa = PBXBuildFile; fileRef = F324EE7929A24B9D0050CABD /* SceneDelegate.swift */; };
		F324EE7C29A24B9D0050CABD /* ViewController.swift in Sources */ = {isa = PBXBuildFile; fileRef = F324EE7B29A24B9D0050CABD /* ViewController.swift */; };
		F324EE7F29A24B9D0050CABD /* Main.storyboard in Resources */ = {isa = PBXBuildFile; fileRef = F324EE7D29A24B9D0050CABD /* Main.storyboard */; };
		F324EE8129A24B9E0050CABD /* Assets.xcassets in Resources */ = {isa = PBXBuildFile; fileRef = F324EE8029A24B9E0050CABD /* Assets.xcassets */; };
		F324EE8429A24B9E0050CABD /* LaunchScreen.storyboard in Resources */ = {isa = PBXBuildFile; fileRef = F324EE8229A24B9E0050CABD /* LaunchScreen.storyboard */; };
		F324EE9429A24DDF0050CABD /* NetworkClass.swift in Sources */ = {isa = PBXBuildFile; fileRef = F324EE9329A24DDF0050CABD /* NetworkClass.swift */; };
/* End PBXBuildFile section */

/* Begin PBXFileReference section */
		F31A221329AB692C00F7C85A /* HomeViewModel.swift */ = {isa = PBXFileReference; lastKnownFileType = sourcecode.swift; path = HomeViewModel.swift; sourceTree = "<group>"; };
		F31A221629AB6DBD00F7C85A /* MovieListModel.swift */ = {isa = PBXFileReference; lastKnownFileType = sourcecode.swift; path = MovieListModel.swift; sourceTree = "<group>"; };
		F320BBBD29A7D29300274A46 /* DataPreparationLayer.swift */ = {isa = PBXFileReference; lastKnownFileType = sourcecode.swift; path = DataPreparationLayer.swift; sourceTree = "<group>"; };
		F320BBBF29A7D35300274A46 /* RequestDataModel.swift */ = {isa = PBXFileReference; lastKnownFileType = sourcecode.swift; path = RequestDataModel.swift; sourceTree = "<group>"; };
		F320BBC129A7E2F000274A46 /* ResponseDataModel.swift */ = {isa = PBXFileReference; lastKnownFileType = sourcecode.swift; path = ResponseDataModel.swift; sourceTree = "<group>"; };
		F320BBC329A7E2FB00274A46 /* NetworkErrorEnum.swift */ = {isa = PBXFileReference; lastKnownFileType = sourcecode.swift; path = NetworkErrorEnum.swift; sourceTree = "<group>"; };
		F320BBC529A7E30B00274A46 /* ApiTypeEnum.swift */ = {isa = PBXFileReference; lastKnownFileType = sourcecode.swift; path = ApiTypeEnum.swift; sourceTree = "<group>"; };
		F324EE7429A24B9D0050CABD /* NetworkRepo.app */ = {isa = PBXFileReference; explicitFileType = wrapper.application; includeInIndex = 0; path = NetworkRepo.app; sourceTree = BUILT_PRODUCTS_DIR; };
		F324EE7729A24B9D0050CABD /* AppDelegate.swift */ = {isa = PBXFileReference; lastKnownFileType = sourcecode.swift; path = AppDelegate.swift; sourceTree = "<group>"; };
		F324EE7929A24B9D0050CABD /* SceneDelegate.swift */ = {isa = PBXFileReference; lastKnownFileType = sourcecode.swift; path = SceneDelegate.swift; sourceTree = "<group>"; };
		F324EE7B29A24B9D0050CABD /* ViewController.swift */ = {isa = PBXFileReference; lastKnownFileType = sourcecode.swift; path = ViewController.swift; sourceTree = "<group>"; };
		F324EE7E29A24B9D0050CABD /* Base */ = {isa = PBXFileReference; lastKnownFileType = file.storyboard; name = Base; path = Base.lproj/Main.storyboard; sourceTree = "<group>"; };
		F324EE8029A24B9E0050CABD /* Assets.xcassets */ = {isa = PBXFileReference; lastKnownFileType = folder.assetcatalog; path = Assets.xcassets; sourceTree = "<group>"; };
		F324EE8329A24B9E0050CABD /* Base */ = {isa = PBXFileReference; lastKnownFileType = file.storyboard; name = Base; path = Base.lproj/LaunchScreen.storyboard; sourceTree = "<group>"; };
		F324EE8529A24B9E0050CABD /* Info.plist */ = {isa = PBXFileReference; lastKnownFileType = text.plist.xml; path = Info.plist; sourceTree = "<group>"; };
		F324EE9329A24DDF0050CABD /* NetworkClass.swift */ = {isa = PBXFileReference; lastKnownFileType = sourcecode.swift; path = NetworkClass.swift; sourceTree = "<group>"; };
/* End PBXFileReference section */

/* Begin PBXFrameworksBuildPhase section */
		F324EE7129A24B9D0050CABD /* Frameworks */ = {
			isa = PBXFrameworksBuildPhase;
			buildActionMask = 2147483647;
			files = (
			);
			runOnlyForDeploymentPostprocessing = 0;
		};
/* End PBXFrameworksBuildPhase section */

/* Begin PBXGroup section */
		F31A221829AB6DC900F7C85A /* ResponseDataModel */ = {
			isa = PBXGroup;
			children = (
				F320BBC129A7E2F000274A46 /* ResponseDataModel.swift */,
				F31A221629AB6DBD00F7C85A /* MovieListModel.swift */,
			);
			path = ResponseDataModel;
			sourceTree = "<group>";
		};
		F31A221929AB6DE000F7C85A /* RequestDataModel */ = {
			isa = PBXGroup;
			children = (
				F320BBBF29A7D35300274A46 /* RequestDataModel.swift */,
			);
			path = RequestDataModel;
			sourceTree = "<group>";
		};
		F324EE6B29A24B9D0050CABD = {
			isa = PBXGroup;
			children = (
				F324EE7629A24B9D0050CABD /* NetworkRepo */,
				F324EE7529A24B9D0050CABD /* Products */,
			);
			sourceTree = "<group>";
		};
		F324EE7529A24B9D0050CABD /* Products */ = {
			isa = PBXGroup;
			children = (
				F324EE7429A24B9D0050CABD /* NetworkRepo.app */,
			);
			name = Products;
			sourceTree = "<group>";
		};
		F324EE7629A24B9D0050CABD /* NetworkRepo */ = {
			isa = PBXGroup;
			children = (
				F324EE7729A24B9D0050CABD /* AppDelegate.swift */,
				F324EE7929A24B9D0050CABD /* SceneDelegate.swift */,
				F324EE8C29A24BC40050CABD /* Demo */,
				F324EE8B29A24BBA0050CABD /* Network Layer */,
				F324EE8529A24B9E0050CABD /* Info.plist */,
			);
			path = NetworkRepo;
			sourceTree = "<group>";
		};
		F324EE8B29A24BBA0050CABD /* Network Layer */ = {
			isa = PBXGroup;
			children = (
				F324EE9329A24DDF0050CABD /* NetworkClass.swift */,
				F320BBBD29A7D29300274A46 /* DataPreparationLayer.swift */,
			);
			path = "Network Layer";
			sourceTree = "<group>";
		};
		F324EE8C29A24BC40050CABD /* Demo */ = {
			isa = PBXGroup;
			children = (
				F324EE9229A24C220050CABD /* Model */,
				F324EE9129A24C1C0050CABD /* View Model */,
				F324EE9029A24C160050CABD /* Views */,
				F324EE8F29A24C0F0050CABD /* Controller */,
				F324EE8D29A24BEA0050CABD /* Resources */,
			);
			path = Demo;
			sourceTree = "<group>";
		};
		F324EE8D29A24BEA0050CABD /* Resources */ = {
			isa = PBXGroup;
			children = (
				F324EE8029A24B9E0050CABD /* Assets.xcassets */,
				F324EE8E29A24BF00050CABD /* Storyboard */,
			);
			path = Resources;
			sourceTree = "<group>";
		};
		F324EE8E29A24BF00050CABD /* Storyboard */ = {
			isa = PBXGroup;
			children = (
				F324EE7D29A24B9D0050CABD /* Main.storyboard */,
				F324EE8229A24B9E0050CABD /* LaunchScreen.storyboard */,
			);
			path = Storyboard;
			sourceTree = "<group>";
		};
		F324EE8F29A24C0F0050CABD /* Controller */ = {
			isa = PBXGroup;
			children = (
				F324EE7B29A24B9D0050CABD /* ViewController.swift */,
			);
			path = Controller;
			sourceTree = "<group>";
		};
		F324EE9029A24C160050CABD /* Views */ = {
			isa = PBXGroup;
			children = (
			);
			path = Views;
			sourceTree = "<group>";
		};
		F324EE9129A24C1C0050CABD /* View Model */ = {
			isa = PBXGroup;
			children = (
				F31A221329AB692C00F7C85A /* HomeViewModel.swift */,
			);
			path = "View Model";
			sourceTree = "<group>";
		};
		F324EE9229A24C220050CABD /* Model */ = {
			isa = PBXGroup;
			children = (
				F31A221929AB6DE000F7C85A /* RequestDataModel */,
				F31A221829AB6DC900F7C85A /* ResponseDataModel */,
				F320BBC329A7E2FB00274A46 /* NetworkErrorEnum.swift */,
				F320BBC529A7E30B00274A46 /* ApiTypeEnum.swift */,
			);
			path = Model;
			sourceTree = "<group>";
		};
/* End PBXGroup section */

/* Begin PBXNativeTarget section */
		F324EE7329A24B9D0050CABD /* NetworkRepo */ = {
			isa = PBXNativeTarget;
			buildConfigurationList = F324EE8829A24B9E0050CABD /* Build configuration list for PBXNativeTarget "NetworkRepo" */;
			buildPhases = (
				F324EE7029A24B9D0050CABD /* Sources */,
				F324EE7129A24B9D0050CABD /* Frameworks */,
				F324EE7229A24B9D0050CABD /* Resources */,
			);
			buildRules = (
			);
			dependencies = (
			);
			name = NetworkRepo;
			productName = NetworkRepo;
			productReference = F324EE7429A24B9D0050CABD /* NetworkRepo.app */;
			productType = "com.apple.product-type.application";
		};
/* End PBXNativeTarget section */

/* Begin PBXProject section */
		F324EE6C29A24B9D0050CABD /* Project object */ = {
			isa = PBXProject;
			attributes = {
				BuildIndependentTargetsInParallel = 1;
				LastSwiftUpdateCheck = 1340;
				LastUpgradeCheck = 1340;
				TargetAttributes = {
					F324EE7329A24B9D0050CABD = {
						CreatedOnToolsVersion = 13.4.1;
					};
				};
			};
			buildConfigurationList = F324EE6F29A24B9D0050CABD /* Build configuration list for PBXProject "NetworkRepo" */;
			compatibilityVersion = "Xcode 13.0";
			developmentRegion = en;
			hasScannedForEncodings = 0;
			knownRegions = (
				en,
				Base,
			);
			mainGroup = F324EE6B29A24B9D0050CABD;
			productRefGroup = F324EE7529A24B9D0050CABD /* Products */;
			projectDirPath = "";
			projectRoot = "";
			targets = (
				F324EE7329A24B9D0050CABD /* NetworkRepo */,
			);
		};
/* End PBXProject section */

/* Begin PBXResourcesBuildPhase section */
		F324EE7229A24B9D0050CABD /* Resources */ = {
			isa = PBXResourcesBuildPhase;
			buildActionMask = 2147483647;
			files = (
				F324EE8429A24B9E0050CABD /* LaunchScreen.storyboard in Resources */,
				F324EE8129A24B9E0050CABD /* Assets.xcassets in Resources */,
				F324EE7F29A24B9D0050CABD /* Main.storyboard in Resources */,
			);
			runOnlyForDeploymentPostprocessing = 0;
		};
/* End PBXResourcesBuildPhase section */

/* Begin PBXSourcesBuildPhase section */
		F324EE7029A24B9D0050CABD /* Sources */ = {
			isa = PBXSourcesBuildPhase;
			buildActionMask = 2147483647;
			files = (
				F324EE7C29A24B9D0050CABD /* ViewController.swift in Sources */,
				F320BBC429A7E2FB00274A46 /* NetworkErrorEnum.swift in Sources */,
				F320BBC029A7D35300274A46 /* RequestDataModel.swift in Sources */,
				F31A221729AB6DBD00F7C85A /* MovieListModel.swift in Sources */,
				F31A221429AB692C00F7C85A /* HomeViewModel.swift in Sources */,
				F324EE7829A24B9D0050CABD /* AppDelegate.swift in Sources */,
				F320BBC229A7E2F000274A46 /* ResponseDataModel.swift in Sources */,
				F320BBBE29A7D29300274A46 /* DataPreparationLayer.swift in Sources */,
				F320BBC629A7E30B00274A46 /* ApiTypeEnum.swift in Sources */,
				F324EE9429A24DDF0050CABD /* NetworkClass.swift in Sources */,
				F324EE7A29A24B9D0050CABD /* SceneDelegate.swift in Sources */,
			);
			runOnlyForDeploymentPostprocessing = 0;
		};
/* End PBXSourcesBuildPhase section */

/* Begin PBXVariantGroup section */
		F324EE7D29A24B9D0050CABD /* Main.storyboard */ = {
			isa = PBXVariantGroup;
			children = (
				F324EE7E29A24B9D0050CABD /* Base */,
			);
			name = Main.storyboard;
			sourceTree = "<group>";
		};
		F324EE8229A24B9E0050CABD /* LaunchScreen.storyboard */ = {
			isa = PBXVariantGroup;
			children = (
				F324EE8329A24B9E0050CABD /* Base */,
			);
			name = LaunchScreen.storyboard;
			sourceTree = "<group>";
		};
/* End PBXVariantGroup section */

/* Begin XCBuildConfiguration section */
		F324EE8629A24B9E0050CABD /* Debug */ = {
			isa = XCBuildConfiguration;
			buildSettings = {
				ALWAYS_SEARCH_USER_PATHS = NO;
				CLANG_ANALYZER_NONNULL = YES;
				CLANG_ANALYZER_NUMBER_OBJECT_CONVERSION = YES_AGGRESSIVE;
				CLANG_CXX_LANGUAGE_STANDARD = "gnu++17";
				CLANG_ENABLE_MODULES = YES;
				CLANG_ENABLE_OBJC_ARC = YES;
				CLANG_ENABLE_OBJC_WEAK = YES;
				CLANG_WARN_BLOCK_CAPTURE_AUTORELEASING = YES;
				CLANG_WARN_BOOL_CONVERSION = YES;
				CLANG_WARN_COMMA = YES;
				CLANG_WARN_CONSTANT_CONVERSION = YES;
				CLANG_WARN_DEPRECATED_OBJC_IMPLEMENTATIONS = YES;
				CLANG_WARN_DIRECT_OBJC_ISA_USAGE = YES_ERROR;
				CLANG_WARN_DOCUMENTATION_COMMENTS = YES;
				CLANG_WARN_EMPTY_BODY = YES;
				CLANG_WARN_ENUM_CONVERSION = YES;
				CLANG_WARN_INFINITE_RECURSION = YES;
				CLANG_WARN_INT_CONVERSION = YES;
				CLANG_WARN_NON_LITERAL_NULL_CONVERSION = YES;
				CLANG_WARN_OBJC_IMPLICIT_RETAIN_SELF = YES;
				CLANG_WARN_OBJC_LITERAL_CONVERSION = YES;
				CLANG_WARN_OBJC_ROOT_CLASS = YES_ERROR;
				CLANG_WARN_QUOTED_INCLUDE_IN_FRAMEWORK_HEADER = YES;
				CLANG_WARN_RANGE_LOOP_ANALYSIS = YES;
				CLANG_WARN_STRICT_PROTOTYPES = YES;
				CLANG_WARN_SUSPICIOUS_MOVE = YES;
				CLANG_WARN_UNGUARDED_AVAILABILITY = YES_AGGRESSIVE;
				CLANG_WARN_UNREACHABLE_CODE = YES;
				CLANG_WARN__DUPLICATE_METHOD_MATCH = YES;
				COPY_PHASE_STRIP = NO;
				DEBUG_INFORMATION_FORMAT = dwarf;
				ENABLE_STRICT_OBJC_MSGSEND = YES;
				ENABLE_TESTABILITY = YES;
				GCC_C_LANGUAGE_STANDARD = gnu11;
				GCC_DYNAMIC_NO_PIC = NO;
				GCC_NO_COMMON_BLOCKS = YES;
				GCC_OPTIMIZATION_LEVEL = 0;
				GCC_PREPROCESSOR_DEFINITIONS = (
					"DEBUG=1",
					"$(inherited)",
				);
				GCC_WARN_64_TO_32_BIT_CONVERSION = YES;
				GCC_WARN_ABOUT_RETURN_TYPE = YES_ERROR;
				GCC_WARN_UNDECLARED_SELECTOR = YES;
				GCC_WARN_UNINITIALIZED_AUTOS = YES_AGGRESSIVE;
				GCC_WARN_UNUSED_FUNCTION = YES;
				GCC_WARN_UNUSED_VARIABLE = YES;
				IPHONEOS_DEPLOYMENT_TARGET = 15.5;
				MTL_ENABLE_DEBUG_INFO = INCLUDE_SOURCE;
				MTL_FAST_MATH = YES;
				ONLY_ACTIVE_ARCH = YES;
				SDKROOT = iphoneos;
				SWIFT_ACTIVE_COMPILATION_CONDITIONS = DEBUG;
				SWIFT_OPTIMIZATION_LEVEL = "-Onone";
			};
			name = Debug;
		};
		F324EE8729A24B9E0050CABD /* Release */ = {
			isa = XCBuildConfiguration;
			buildSettings = {
				ALWAYS_SEARCH_USER_PATHS = NO;
				CLANG_ANALYZER_NONNULL = YES;
				CLANG_ANALYZER_NUMBER_OBJECT_CONVERSION = YES_AGGRESSIVE;
				CLANG_CXX_LANGUAGE_STANDARD = "gnu++17";
				CLANG_ENABLE_MODULES = YES;
				CLANG_ENABLE_OBJC_ARC = YES;
				CLANG_ENABLE_OBJC_WEAK = YES;
				CLANG_WARN_BLOCK_CAPTURE_AUTORELEASING = YES;
				CLANG_WARN_BOOL_CONVERSION = YES;
				CLANG_WARN_COMMA = YES;
				CLANG_WARN_CONSTANT_CONVERSION = YES;
				CLANG_WARN_DEPRECATED_OBJC_IMPLEMENTATIONS = YES;
				CLANG_WARN_DIRECT_OBJC_ISA_USAGE = YES_ERROR;
				CLANG_WARN_DOCUMENTATION_COMMENTS = YES;
				CLANG_WARN_EMPTY_BODY = YES;
				CLANG_WARN_ENUM_CONVERSION = YES;
				CLANG_WARN_INFINITE_RECURSION = YES;
				CLANG_WARN_INT_CONVERSION = YES;
				CLANG_WARN_NON_LITERAL_NULL_CONVERSION = YES;
				CLANG_WARN_OBJC_IMPLICIT_RETAIN_SELF = YES;
				CLANG_WARN_OBJC_LITERAL_CONVERSION = YES;
				CLANG_WARN_OBJC_ROOT_CLASS = YES_ERROR;
				CLANG_WARN_QUOTED_INCLUDE_IN_FRAMEWORK_HEADER = YES;
				CLANG_WARN_RANGE_LOOP_ANALYSIS = YES;
				CLANG_WARN_STRICT_PROTOTYPES = YES;
				CLANG_WARN_SUSPICIOUS_MOVE = YES;
				CLANG_WARN_UNGUARDED_AVAILABILITY = YES_AGGRESSIVE;
				CLANG_WARN_UNREACHABLE_CODE = YES;
				CLANG_WARN__DUPLICATE_METHOD_MATCH = YES;
				COPY_PHASE_STRIP = NO;
				DEBUG_INFORMATION_FORMAT = "dwarf-with-dsym";
				ENABLE_NS_ASSERTIONS = NO;
				ENABLE_STRICT_OBJC_MSGSEND = YES;
				GCC_C_LANGUAGE_STANDARD = gnu11;
				GCC_NO_COMMON_BLOCKS = YES;
				GCC_WARN_64_TO_32_BIT_CONVERSION = YES;
				GCC_WARN_ABOUT_RETURN_TYPE = YES_ERROR;
				GCC_WARN_UNDECLARED_SELECTOR = YES;
				GCC_WARN_UNINITIALIZED_AUTOS = YES_AGGRESSIVE;
				GCC_WARN_UNUSED_FUNCTION = YES;
				GCC_WARN_UNUSED_VARIABLE = YES;
				IPHONEOS_DEPLOYMENT_TARGET = 15.5;
				MTL_ENABLE_DEBUG_INFO = NO;
				MTL_FAST_MATH = YES;
				SDKROOT = iphoneos;
				SWIFT_COMPILATION_MODE = wholemodule;
				SWIFT_OPTIMIZATION_LEVEL = "-O";
				VALIDATE_PRODUCT = YES;
			};
			name = Release;
		};
		F324EE8929A24B9E0050CABD /* Debug */ = {
			isa = XCBuildConfiguration;
			buildSettings = {
				ASSETCATALOG_COMPILER_APPICON_NAME = AppIcon;
				ASSETCATALOG_COMPILER_GLOBAL_ACCENT_COLOR_NAME = AccentColor;
				CODE_SIGN_STYLE = Automatic;
				CURRENT_PROJECT_VERSION = 1;
				DEVELOPMENT_TEAM = YC2L4BX3QP;
				GENERATE_INFOPLIST_FILE = YES;
				INFOPLIST_FILE = NetworkRepo/Info.plist;
				INFOPLIST_KEY_UIApplicationSupportsIndirectInputEvents = YES;
				INFOPLIST_KEY_UILaunchStoryboardName = LaunchScreen;
				INFOPLIST_KEY_UIMainStoryboardFile = Main;
				INFOPLIST_KEY_UISupportedInterfaceOrientations_iPad = "UIInterfaceOrientationPortrait UIInterfaceOrientationPortraitUpsideDown UIInterfaceOrientationLandscapeLeft UIInterfaceOrientationLandscapeRight";
				INFOPLIST_KEY_UISupportedInterfaceOrientations_iPhone = "UIInterfaceOrientationPortrait UIInterfaceOrientationLandscapeLeft UIInterfaceOrientationLandscapeRight";
				LD_RUNPATH_SEARCH_PATHS = (
					"$(inherited)",
					"@executable_path/Frameworks",
				);
				MARKETING_VERSION = 1.0;
				PRODUCT_BUNDLE_IDENTIFIER = Gojek.com.NetworkRepo;
				PRODUCT_NAME = "$(TARGET_NAME)";
				SWIFT_EMIT_LOC_STRINGS = YES;
				SWIFT_VERSION = 5.0;
				TARGETED_DEVICE_FAMILY = "1,2";
			};
			name = Debug;
		};
		F324EE8A29A24B9E0050CABD /* Release */ = {
			isa = XCBuildConfiguration;
			buildSettings = {
				ASSETCATALOG_COMPILER_APPICON_NAME = AppIcon;
				ASSETCATALOG_COMPILER_GLOBAL_ACCENT_COLOR_NAME = AccentColor;
				CODE_SIGN_STYLE = Automatic;
				CURRENT_PROJECT_VERSION = 1;
				DEVELOPMENT_TEAM = YC2L4BX3QP;
				GENERATE_INFOPLIST_FILE = YES;
				INFOPLIST_FILE = NetworkRepo/Info.plist;
				INFOPLIST_KEY_UIApplicationSupportsIndirectInputEvents = YES;
				INFOPLIST_KEY_UILaunchStoryboardName = LaunchScreen;
				INFOPLIST_KEY_UIMainStoryboardFile = Main;
				INFOPLIST_KEY_UISupportedInterfaceOrientations_iPad = "UIInterfaceOrientationPortrait UIInterfaceOrientationPortraitUpsideDown UIInterfaceOrientationLandscapeLeft UIInterfaceOrientationLandscapeRight";
				INFOPLIST_KEY_UISupportedInterfaceOrientations_iPhone = "UIInterfaceOrientationPortrait UIInterfaceOrientationLandscapeLeft UIInterfaceOrientationLandscapeRight";
				LD_RUNPATH_SEARCH_PATHS = (
					"$(inherited)",
					"@executable_path/Frameworks",
				);
				MARKETING_VERSION = 1.0;
				PRODUCT_BUNDLE_IDENTIFIER = Gojek.com.NetworkRepo;
				PRODUCT_NAME = "$(TARGET_NAME)";
				SWIFT_EMIT_LOC_STRINGS = YES;
				SWIFT_VERSION = 5.0;
				TARGETED_DEVICE_FAMILY = "1,2";
			};
			name = Release;
		};
/* End XCBuildConfiguration section */

/* Begin XCConfigurationList section */
		F324EE6F29A24B9D0050CABD /* Build configuration list for PBXProject "NetworkRepo" */ = {
			isa = XCConfigurationList;
			buildConfigurations = (
				F324EE8629A24B9E0050CABD /* Debug */,
				F324EE8729A24B9E0050CABD /* Release */,
			);
			defaultConfigurationIsVisible = 0;
			defaultConfigurationName = Release;
		};
		F324EE8829A24B9E0050CABD /* Build configuration list for PBXNativeTarget "NetworkRepo" */ = {
			isa = XCConfigurationList;
			buildConfigurations = (
				F324EE8929A24B9E0050CABD /* Debug */,
				F324EE8A29A24B9E0050CABD /* Release */,
			);
			defaultConfigurationIsVisible = 0;
			defaultConfigurationName = Release;
		};
/* End XCConfigurationList section */
	};
	rootObject = F324EE6C29A24B9D0050CABD /* Project object */;
}
