// !$*UTF8*$!
{
	archiveVersion = 1;
	classes = {
	};
	objectVersion = 56;
	objects = {

/* Begin PBXBuildFile section */
		133735A92A0C039A00ED531D /* CollectionCompositionLayout.swift in Sources */ = {isa = PBXBuildFile; fileRef = 133735A82A0C039A00ED531D /* CollectionCompositionLayout.swift */; };
		133735AB2A0C1C8300ED531D /* GradientLabel.swift in Sources */ = {isa = PBXBuildFile; fileRef = 133735AA2A0C1C8300ED531D /* GradientLabel.swift */; };
		133735AD2A0C1E2200ED531D /* Model.swift in Sources */ = {isa = PBXBuildFile; fileRef = 133735AC2A0C1E2200ED531D /* Model.swift */; };
		F3FCE7E72A094EFB00DAAD05 /* AppDelegate.swift in Sources */ = {isa = PBXBuildFile; fileRef = F3FCE7E62A094EFB00DAAD05 /* AppDelegate.swift */; };
		F3FCE7E92A094EFB00DAAD05 /* SceneDelegate.swift in Sources */ = {isa = PBXBuildFile; fileRef = F3FCE7E82A094EFB00DAAD05 /* SceneDelegate.swift */; };
		F3FCE7EB2A094EFB00DAAD05 /* ViewController.swift in Sources */ = {isa = PBXBuildFile; fileRef = F3FCE7EA2A094EFB00DAAD05 /* ViewController.swift */; };
		F3FCE7F02A094EFC00DAAD05 /* Assets.xcassets in Resources */ = {isa = PBXBuildFile; fileRef = F3FCE7EF2A094EFC00DAAD05 /* Assets.xcassets */; };
		F3FCE7F32A094EFC00DAAD05 /* LaunchScreen.storyboard in Resources */ = {isa = PBXBuildFile; fileRef = F3FCE7F12A094EFC00DAAD05 /* LaunchScreen.storyboard */; };
		F3FCE7FB2A0951E500DAAD05 /* CollectionViewCell.swift in Sources */ = {isa = PBXBuildFile; fileRef = F3FCE7FA2A0951E500DAAD05 /* CollectionViewCell.swift */; };
		F3FFD5CC2A0BCCDF006B98B5 /* HeaderView.swift in Sources */ = {isa = PBXBuildFile; fileRef = F3FFD5CB2A0BCCDF006B98B5 /* HeaderView.swift */; };
/* End PBXBuildFile section */

/* Begin PBXFileReference section */
		133735A82A0C039A00ED531D /* CollectionCompositionLayout.swift */ = {isa = PBXFileReference; lastKnownFileType = sourcecode.swift; path = CollectionCompositionLayout.swift; sourceTree = "<group>"; };
		133735AA2A0C1C8300ED531D /* GradientLabel.swift */ = {isa = PBXFileReference; lastKnownFileType = sourcecode.swift; path = GradientLabel.swift; sourceTree = "<group>"; };
		133735AC2A0C1E2200ED531D /* Model.swift */ = {isa = PBXFileReference; lastKnownFileType = sourcecode.swift; path = Model.swift; sourceTree = "<group>"; };
		F3FCE7E32A094EFB00DAAD05 /* Collectionview.app */ = {isa = PBXFileReference; explicitFileType = wrapper.application; includeInIndex = 0; path = Collectionview.app; sourceTree = BUILT_PRODUCTS_DIR; };
		F3FCE7E62A094EFB00DAAD05 /* AppDelegate.swift */ = {isa = PBXFileReference; lastKnownFileType = sourcecode.swift; path = AppDelegate.swift; sourceTree = "<group>"; };
		F3FCE7E82A094EFB00DAAD05 /* SceneDelegate.swift */ = {isa = PBXFileReference; lastKnownFileType = sourcecode.swift; path = SceneDelegate.swift; sourceTree = "<group>"; };
		F3FCE7EA2A094EFB00DAAD05 /* ViewController.swift */ = {isa = PBXFileReference; lastKnownFileType = sourcecode.swift; path = ViewController.swift; sourceTree = "<group>"; };
		F3FCE7EF2A094EFC00DAAD05 /* Assets.xcassets */ = {isa = PBXFileReference; lastKnownFileType = folder.assetcatalog; path = Assets.xcassets; sourceTree = "<group>"; };
		F3FCE7F22A094EFC00DAAD05 /* Base */ = {isa = PBXFileReference; lastKnownFileType = file.storyboard; name = Base; path = Base.lproj/LaunchScreen.storyboard; sourceTree = "<group>"; };
		F3FCE7F42A094EFC00DAAD05 /* Info.plist */ = {isa = PBXFileReference; lastKnownFileType = text.plist.xml; path = Info.plist; sourceTree = "<group>"; };
		F3FCE7FA2A0951E500DAAD05 /* CollectionViewCell.swift */ = {isa = PBXFileReference; lastKnownFileType = sourcecode.swift; path = CollectionViewCell.swift; sourceTree = "<group>"; };
		F3FFD5CB2A0BCCDF006B98B5 /* HeaderView.swift */ = {isa = PBXFileReference; lastKnownFileType = sourcecode.swift; path = HeaderView.swift; sourceTree = "<group>"; };
/* End PBXFileReference section */

/* Begin PBXFrameworksBuildPhase section */
		F3FCE7E02A094EFB00DAAD05 /* Frameworks */ = {
			isa = PBXFrameworksBuildPhase;
			buildActionMask = 2147483647;
			files = (
			);
			runOnlyForDeploymentPostprocessing = 0;
		};
/* End PBXFrameworksBuildPhase section */

/* Begin PBXGroup section */
		133735AE2A0C2F4600ED531D /* SupportFiles */ = {
			isa = PBXGroup;
			children = (
				F3FCE7F12A094EFC00DAAD05 /* LaunchScreen.storyboard */,
				F3FCE7EF2A094EFC00DAAD05 /* Assets.xcassets */,
				F3FCE7F42A094EFC00DAAD05 /* Info.plist */,
			);
			name = SupportFiles;
			sourceTree = "<group>";
		};
		133735AF2A0C2FCC00ED531D /* AppLifecycle */ = {
			isa = PBXGroup;
			children = (
				F3FCE7E62A094EFB00DAAD05 /* AppDelegate.swift */,
				F3FCE7E82A094EFB00DAAD05 /* SceneDelegate.swift */,
			);
			name = AppLifecycle;
			sourceTree = "<group>";
		};
		F3FCE7DA2A094EFB00DAAD05 = {
			isa = PBXGroup;
			children = (
				F3FCE7E52A094EFB00DAAD05 /* Collectionview */,
				F3FCE7E42A094EFB00DAAD05 /* Products */,
			);
			sourceTree = "<group>";
		};
		F3FCE7E42A094EFB00DAAD05 /* Products */ = {
			isa = PBXGroup;
			children = (
				F3FCE7E32A094EFB00DAAD05 /* Collectionview.app */,
			);
			name = Products;
			sourceTree = "<group>";
		};
		F3FCE7E52A094EFB00DAAD05 /* Collectionview */ = {
			isa = PBXGroup;
			children = (
				133735AF2A0C2FCC00ED531D /* AppLifecycle */,
				133735AE2A0C2F4600ED531D /* SupportFiles */,
				F3FCE7FA2A0951E500DAAD05 /* CollectionViewCell.swift */,
				F3FCE7EA2A094EFB00DAAD05 /* ViewController.swift */,
				F3FFD5CB2A0BCCDF006B98B5 /* HeaderView.swift */,
				133735A82A0C039A00ED531D /* CollectionCompositionLayout.swift */,
				133735AA2A0C1C8300ED531D /* GradientLabel.swift */,
				133735AC2A0C1E2200ED531D /* Model.swift */,
			);
			path = Collectionview;
			sourceTree = "<group>";
		};
/* End PBXGroup section */

/* Begin PBXNativeTarget section */
		F3FCE7E22A094EFB00DAAD05 /* Collectionview */ = {
			isa = PBXNativeTarget;
			buildConfigurationList = F3FCE7F72A094EFC00DAAD05 /* Build configuration list for PBXNativeTarget "Collectionview" */;
			buildPhases = (
				F3FCE7DF2A094EFB00DAAD05 /* Sources */,
				F3FCE7E02A094EFB00DAAD05 /* Frameworks */,
				F3FCE7E12A094EFB00DAAD05 /* Resources */,
			);
			buildRules = (
			);
			dependencies = (
			);
			name = Collectionview;
			productName = Collectionview;
			productReference = F3FCE7E32A094EFB00DAAD05 /* Collectionview.app */;
			productType = "com.apple.product-type.application";
		};
/* End PBXNativeTarget section */

/* Begin PBXProject section */
		F3FCE7DB2A094EFB00DAAD05 /* Project object */ = {
			isa = PBXProject;
			attributes = {
				BuildIndependentTargetsInParallel = 1;
				LastSwiftUpdateCheck = 1430;
				LastUpgradeCheck = 1430;
				TargetAttributes = {
					F3FCE7E22A094EFB00DAAD05 = {
						CreatedOnToolsVersion = 14.3;
					};
				};
			};
			buildConfigurationList = F3FCE7DE2A094EFB00DAAD05 /* Build configuration list for PBXProject "Collectionview" */;
			compatibilityVersion = "Xcode 14.0";
			developmentRegion = en;
			hasScannedForEncodings = 0;
			knownRegions = (
				en,
				Base,
			);
			mainGroup = F3FCE7DA2A094EFB00DAAD05;
			productRefGroup = F3FCE7E42A094EFB00DAAD05 /* Products */;
			projectDirPath = "";
			projectRoot = "";
			targets = (
				F3FCE7E22A094EFB00DAAD05 /* Collectionview */,
			);
		};
/* End PBXProject section */

/* Begin PBXResourcesBuildPhase section */
		F3FCE7E12A094EFB00DAAD05 /* Resources */ = {
			isa = PBXResourcesBuildPhase;
			buildActionMask = 2147483647;
			files = (
				F3FCE7F32A094EFC00DAAD05 /* LaunchScreen.storyboard in Resources */,
				F3FCE7F02A094EFC00DAAD05 /* Assets.xcassets in Resources */,
			);
			runOnlyForDeploymentPostprocessing = 0;
		};
/* End PBXResourcesBuildPhase section */

/* Begin PBXSourcesBuildPhase section */
		F3FCE7DF2A094EFB00DAAD05 /* Sources */ = {
			isa = PBXSourcesBuildPhase;
			buildActionMask = 2147483647;
			files = (
				F3FFD5CC2A0BCCDF006B98B5 /* HeaderView.swift in Sources */,
				F3FCE7EB2A094EFB00DAAD05 /* ViewController.swift in Sources */,
				F3FCE7E72A094EFB00DAAD05 /* AppDelegate.swift in Sources */,
				F3FCE7FB2A0951E500DAAD05 /* CollectionViewCell.swift in Sources */,
				133735A92A0C039A00ED531D /* CollectionCompositionLayout.swift in Sources */,
				133735AB2A0C1C8300ED531D /* GradientLabel.swift in Sources */,
				F3FCE7E92A094EFB00DAAD05 /* SceneDelegate.swift in Sources */,
				133735AD2A0C1E2200ED531D /* Model.swift in Sources */,
			);
			runOnlyForDeploymentPostprocessing = 0;
		};
/* End PBXSourcesBuildPhase section */

/* Begin PBXVariantGroup section */
		F3FCE7F12A094EFC00DAAD05 /* LaunchScreen.storyboard */ = {
			isa = PBXVariantGroup;
			children = (
				F3FCE7F22A094EFC00DAAD05 /* Base */,
			);
			name = LaunchScreen.storyboard;
			sourceTree = "<group>";
		};
/* End PBXVariantGroup section */

/* Begin XCBuildConfiguration section */
		F3FCE7F52A094EFC00DAAD05 /* Debug */ = {
			isa = XCBuildConfiguration;
			buildSettings = {
				ALWAYS_SEARCH_USER_PATHS = NO;
				CLANG_ANALYZER_NONNULL = YES;
				CLANG_ANALYZER_NUMBER_OBJECT_CONVERSION = YES_AGGRESSIVE;
				CLANG_CXX_LANGUAGE_STANDARD = "gnu++20";
				CLANG_ENABLE_MODULES = YES;
				CLANG_ENABLE_OBJC_ARC = YES;
				CLANG_ENABLE_OBJC_WEAK = YES;
				CLANG_WARN_BLOCK_CAPTURE_AUTORELEASING = YES;
				CLANG_WARN_BOOL_CONVERSION = YES;
				CLANG_WARN_COMMA = YES;
				CLANG_WARN_CONSTANT_CONVERSION = YES;
				CLANG_WARN_DEPRECATED_OBJC_IMPLEMENTATIONS = YES;
				CLANG_WARN_DIRECT_OBJC_ISA_USAGE = YES_ERROR;
				CLANG_WARN_DOCUMENTATION_COMMENTS = YES;
				CLANG_WARN_EMPTY_BODY = YES;
				CLANG_WARN_ENUM_CONVERSION = YES;
				CLANG_WARN_INFINITE_RECURSION = YES;
				CLANG_WARN_INT_CONVERSION = YES;
				CLANG_WARN_NON_LITERAL_NULL_CONVERSION = YES;
				CLANG_WARN_OBJC_IMPLICIT_RETAIN_SELF = YES;
				CLANG_WARN_OBJC_LITERAL_CONVERSION = YES;
				CLANG_WARN_OBJC_ROOT_CLASS = YES_ERROR;
				CLANG_WARN_QUOTED_INCLUDE_IN_FRAMEWORK_HEADER = YES;
				CLANG_WARN_RANGE_LOOP_ANALYSIS = YES;
				CLANG_WARN_STRICT_PROTOTYPES = YES;
				CLANG_WARN_SUSPICIOUS_MOVE = YES;
				CLANG_WARN_UNGUARDED_AVAILABILITY = YES_AGGRESSIVE;
				CLANG_WARN_UNREACHABLE_CODE = YES;
				CLANG_WARN__DUPLICATE_METHOD_MATCH = YES;
				COPY_PHASE_STRIP = NO;
				DEBUG_INFORMATION_FORMAT = dwarf;
				ENABLE_STRICT_OBJC_MSGSEND = YES;
				ENABLE_TESTABILITY = YES;
				GCC_C_LANGUAGE_STANDARD = gnu11;
				GCC_DYNAMIC_NO_PIC = NO;
				GCC_NO_COMMON_BLOCKS = YES;
				GCC_OPTIMIZATION_LEVEL = 0;
				GCC_PREPROCESSOR_DEFINITIONS = (
					"DEBUG=1",
					"$(inherited)",
				);
				GCC_WARN_64_TO_32_BIT_CONVERSION = YES;
				GCC_WARN_ABOUT_RETURN_TYPE = YES_ERROR;
				GCC_WARN_UNDECLARED_SELECTOR = YES;
				GCC_WARN_UNINITIALIZED_AUTOS = YES_AGGRESSIVE;
				GCC_WARN_UNUSED_FUNCTION = YES;
				GCC_WARN_UNUSED_VARIABLE = YES;
				IPHONEOS_DEPLOYMENT_TARGET = 16.4;
				MTL_ENABLE_DEBUG_INFO = INCLUDE_SOURCE;
				MTL_FAST_MATH = YES;
				ONLY_ACTIVE_ARCH = YES;
				SDKROOT = iphoneos;
				SWIFT_ACTIVE_COMPILATION_CONDITIONS = DEBUG;
				SWIFT_OPTIMIZATION_LEVEL = "-Onone";
			};
			name = Debug;
		};
		F3FCE7F62A094EFC00DAAD05 /* Release */ = {
			isa = XCBuildConfiguration;
			buildSettings = {
				ALWAYS_SEARCH_USER_PATHS = NO;
				CLANG_ANALYZER_NONNULL = YES;
				CLANG_ANALYZER_NUMBER_OBJECT_CONVERSION = YES_AGGRESSIVE;
				CLANG_CXX_LANGUAGE_STANDARD = "gnu++20";
				CLANG_ENABLE_MODULES = YES;
				CLANG_ENABLE_OBJC_ARC = YES;
				CLANG_ENABLE_OBJC_WEAK = YES;
				CLANG_WARN_BLOCK_CAPTURE_AUTORELEASING = YES;
				CLANG_WARN_BOOL_CONVERSION = YES;
				CLANG_WARN_COMMA = YES;
				CLANG_WARN_CONSTANT_CONVERSION = YES;
				CLANG_WARN_DEPRECATED_OBJC_IMPLEMENTATIONS = YES;
				CLANG_WARN_DIRECT_OBJC_ISA_USAGE = YES_ERROR;
				CLANG_WARN_DOCUMENTATION_COMMENTS = YES;
				CLANG_WARN_EMPTY_BODY = YES;
				CLANG_WARN_ENUM_CONVERSION = YES;
				CLANG_WARN_INFINITE_RECURSION = YES;
				CLANG_WARN_INT_CONVERSION = YES;
				CLANG_WARN_NON_LITERAL_NULL_CONVERSION = YES;
				CLANG_WARN_OBJC_IMPLICIT_RETAIN_SELF = YES;
				CLANG_WARN_OBJC_LITERAL_CONVERSION = YES;
				CLANG_WARN_OBJC_ROOT_CLASS = YES_ERROR;
				CLANG_WARN_QUOTED_INCLUDE_IN_FRAMEWORK_HEADER = YES;
				CLANG_WARN_RANGE_LOOP_ANALYSIS = YES;
				CLANG_WARN_STRICT_PROTOTYPES = YES;
				CLANG_WARN_SUSPICIOUS_MOVE = YES;
				CLANG_WARN_UNGUARDED_AVAILABILITY = YES_AGGRESSIVE;
				CLANG_WARN_UNREACHABLE_CODE = YES;
				CLANG_WARN__DUPLICATE_METHOD_MATCH = YES;
				COPY_PHASE_STRIP = NO;
				DEBUG_INFORMATION_FORMAT = "dwarf-with-dsym";
				ENABLE_NS_ASSERTIONS = NO;
				ENABLE_STRICT_OBJC_MSGSEND = YES;
				GCC_C_LANGUAGE_STANDARD = gnu11;
				GCC_NO_COMMON_BLOCKS = YES;
				GCC_WARN_64_TO_32_BIT_CONVERSION = YES;
				GCC_WARN_ABOUT_RETURN_TYPE = YES_ERROR;
				GCC_WARN_UNDECLARED_SELECTOR = YES;
				GCC_WARN_UNINITIALIZED_AUTOS = YES_AGGRESSIVE;
				GCC_WARN_UNUSED_FUNCTION = YES;
				GCC_WARN_UNUSED_VARIABLE = YES;
				IPHONEOS_DEPLOYMENT_TARGET = 16.4;
				MTL_ENABLE_DEBUG_INFO = NO;
				MTL_FAST_MATH = YES;
				SDKROOT = iphoneos;
				SWIFT_COMPILATION_MODE = wholemodule;
				SWIFT_OPTIMIZATION_LEVEL = "-O";
				VALIDATE_PRODUCT = YES;
			};
			name = Release;
		};
		F3FCE7F82A094EFC00DAAD05 /* Debug */ = {
			isa = XCBuildConfiguration;
			buildSettings = {
				ASSETCATALOG_COMPILER_APPICON_NAME = AppIcon;
				ASSETCATALOG_COMPILER_GLOBAL_ACCENT_COLOR_NAME = AccentColor;
				CODE_SIGN_STYLE = Automatic;
				CURRENT_PROJECT_VERSION = 1;
				DEVELOPMENT_TEAM = YC2L4BX3QP;
				GENERATE_INFOPLIST_FILE = YES;
				INFOPLIST_FILE = Collectionview/Info.plist;
				INFOPLIST_KEY_UIApplicationSupportsIndirectInputEvents = YES;
				INFOPLIST_KEY_UILaunchStoryboardName = LaunchScreen;
				INFOPLIST_KEY_UIMainStoryboardFile = "";
				INFOPLIST_KEY_UISupportedInterfaceOrientations_iPad = "UIInterfaceOrientationPortrait UIInterfaceOrientationPortraitUpsideDown UIInterfaceOrientationLandscapeLeft UIInterfaceOrientationLandscapeRight";
				INFOPLIST_KEY_UISupportedInterfaceOrientations_iPhone = "UIInterfaceOrientationPortrait UIInterfaceOrientationLandscapeLeft UIInterfaceOrientationLandscapeRight";
				LD_RUNPATH_SEARCH_PATHS = (
					"$(inherited)",
					"@executable_path/Frameworks",
				);
				MARKETING_VERSION = 1.0;
				PRODUCT_BUNDLE_IDENTIFIER = Gojek.com.Collectionview;
				PRODUCT_NAME = "$(TARGET_NAME)";
				SWIFT_EMIT_LOC_STRINGS = YES;
				SWIFT_VERSION = 5.0;
				TARGETED_DEVICE_FAMILY = "1,2";
			};
			name = Debug;
		};
		F3FCE7F92A094EFC00DAAD05 /* Release */ = {
			isa = XCBuildConfiguration;
			buildSettings = {
				ASSETCATALOG_COMPILER_APPICON_NAME = AppIcon;
				ASSETCATALOG_COMPILER_GLOBAL_ACCENT_COLOR_NAME = AccentColor;
				CODE_SIGN_STYLE = Automatic;
				CURRENT_PROJECT_VERSION = 1;
				DEVELOPMENT_TEAM = YC2L4BX3QP;
				GENERATE_INFOPLIST_FILE = YES;
				INFOPLIST_FILE = Collectionview/Info.plist;
				INFOPLIST_KEY_UIApplicationSupportsIndirectInputEvents = YES;
				INFOPLIST_KEY_UILaunchStoryboardName = LaunchScreen;
				INFOPLIST_KEY_UIMainStoryboardFile = "";
				INFOPLIST_KEY_UISupportedInterfaceOrientations_iPad = "UIInterfaceOrientationPortrait UIInterfaceOrientationPortraitUpsideDown UIInterfaceOrientationLandscapeLeft UIInterfaceOrientationLandscapeRight";
				INFOPLIST_KEY_UISupportedInterfaceOrientations_iPhone = "UIInterfaceOrientationPortrait UIInterfaceOrientationLandscapeLeft UIInterfaceOrientationLandscapeRight";
				LD_RUNPATH_SEARCH_PATHS = (
					"$(inherited)",
					"@executable_path/Frameworks",
				);
				MARKETING_VERSION = 1.0;
				PRODUCT_BUNDLE_IDENTIFIER = Gojek.com.Collectionview;
				PRODUCT_NAME = "$(TARGET_NAME)";
				SWIFT_EMIT_LOC_STRINGS = YES;
				SWIFT_VERSION = 5.0;
				TARGETED_DEVICE_FAMILY = "1,2";
			};
			name = Release;
		};
/* End XCBuildConfiguration section */

/* Begin XCConfigurationList section */
		F3FCE7DE2A094EFB00DAAD05 /* Build configuration list for PBXProject "Collectionview" */ = {
			isa = XCConfigurationList;
			buildConfigurations = (
				F3FCE7F52A094EFC00DAAD05 /* Debug */,
				F3FCE7F62A094EFC00DAAD05 /* Release */,
			);
			defaultConfigurationIsVisible = 0;
			defaultConfigurationName = Release;
		};
		F3FCE7F72A094EFC00DAAD05 /* Build configuration list for PBXNativeTarget "Collectionview" */ = {
			isa = XCConfigurationList;
			buildConfigurations = (
				F3FCE7F82A094EFC00DAAD05 /* Debug */,
				F3FCE7F92A094EFC00DAAD05 /* Release */,
			);
			defaultConfigurationIsVisible = 0;
			defaultConfigurationName = Release;
		};
/* End XCConfigurationList section */
	};
	rootObject = F3FCE7DB2A094EFB00DAAD05 /* Project object */;
}
