// !$*UTF8*$!
{
	archiveVersion = 1;
	classes = {
	};
	objectVersion = 55;
	objects = {

/* Begin PBXBuildFile section */
		1320B2FE29A6B473002FB100 /* NotificationEntity.swift in Sources */ = {isa = PBXBuildFile; fileRef = 1320B2FD29A6B473002FB100 /* NotificationEntity.swift */; };
		1320B30029A6B59B002FB100 /* ViewController2.swift in Sources */ = {isa = PBXBuildFile; fileRef = 1320B2FF29A6B59B002FB100 /* ViewController2.swift */; };
		1320B30229A6B5D5002FB100 /* ViewController3.swift in Sources */ = {isa = PBXBuildFile; fileRef = 1320B30129A6B5D5002FB100 /* ViewController3.swift */; };
		1320B30429A6B5F5002FB100 /* ViewController4.swift in Sources */ = {isa = PBXBuildFile; fileRef = 1320B30329A6B5F5002FB100 /* ViewController4.swift */; };
		F3CB5A922997725A00F6E3D2 /* AppDelegate.swift in Sources */ = {isa = PBXBuildFile; fileRef = F3CB5A912997725A00F6E3D2 /* AppDelegate.swift */; };
		F3CB5A942997725A00F6E3D2 /* SceneDelegate.swift in Sources */ = {isa = PBXBuildFile; fileRef = F3CB5A932997725A00F6E3D2 /* SceneDelegate.swift */; };
		F3CB5A962997725A00F6E3D2 /* ViewController1.swift in Sources */ = {isa = PBXBuildFile; fileRef = F3CB5A952997725A00F6E3D2 /* ViewController1.swift */; };
		F3CB5A992997725A00F6E3D2 /* Main.storyboard in Resources */ = {isa = PBXBuildFile; fileRef = F3CB5A972997725A00F6E3D2 /* Main.storyboard */; };
		F3CB5A9B2997725A00F6E3D2 /* Assets.xcassets in Resources */ = {isa = PBXBuildFile; fileRef = F3CB5A9A2997725A00F6E3D2 /* Assets.xcassets */; };
		F3CB5A9E2997725A00F6E3D2 /* LaunchScreen.storyboard in Resources */ = {isa = PBXBuildFile; fileRef = F3CB5A9C2997725A00F6E3D2 /* LaunchScreen.storyboard */; };
		F3CB5AA629978E1000F6E3D2 /* Notifications.swift in Sources */ = {isa = PBXBuildFile; fileRef = F3CB5AA529978E1000F6E3D2 /* Notifications.swift */; };
/* End PBXBuildFile section */

/* Begin PBXFileReference section */
		1320B2FD29A6B473002FB100 /* NotificationEntity.swift */ = {isa = PBXFileReference; lastKnownFileType = sourcecode.swift; path = NotificationEntity.swift; sourceTree = "<group>"; };
		1320B2FF29A6B59B002FB100 /* ViewController2.swift */ = {isa = PBXFileReference; lastKnownFileType = sourcecode.swift; path = ViewController2.swift; sourceTree = "<group>"; };
		1320B30129A6B5D5002FB100 /* ViewController3.swift */ = {isa = PBXFileReference; lastKnownFileType = sourcecode.swift; path = ViewController3.swift; sourceTree = "<group>"; };
		1320B30329A6B5F5002FB100 /* ViewController4.swift */ = {isa = PBXFileReference; lastKnownFileType = sourcecode.swift; path = ViewController4.swift; sourceTree = "<group>"; };
		F3CB5A8E2997725A00F6E3D2 /* NotificationCenter.app */ = {isa = PBXFileReference; explicitFileType = wrapper.application; includeInIndex = 0; path = NotificationCenter.app; sourceTree = BUILT_PRODUCTS_DIR; };
		F3CB5A912997725A00F6E3D2 /* AppDelegate.swift */ = {isa = PBXFileReference; lastKnownFileType = sourcecode.swift; path = AppDelegate.swift; sourceTree = "<group>"; };
		F3CB5A932997725A00F6E3D2 /* SceneDelegate.swift */ = {isa = PBXFileReference; lastKnownFileType = sourcecode.swift; path = SceneDelegate.swift; sourceTree = "<group>"; };
		F3CB5A952997725A00F6E3D2 /* ViewController1.swift */ = {isa = PBXFileReference; lastKnownFileType = sourcecode.swift; path = ViewController1.swift; sourceTree = "<group>"; };
		F3CB5A982997725A00F6E3D2 /* Base */ = {isa = PBXFileReference; lastKnownFileType = file.storyboard; name = Base; path = Base.lproj/Main.storyboard; sourceTree = "<group>"; };
		F3CB5A9A2997725A00F6E3D2 /* Assets.xcassets */ = {isa = PBXFileReference; lastKnownFileType = folder.assetcatalog; path = Assets.xcassets; sourceTree = "<group>"; };
		F3CB5A9D2997725A00F6E3D2 /* Base */ = {isa = PBXFileReference; lastKnownFileType = file.storyboard; name = Base; path = Base.lproj/LaunchScreen.storyboard; sourceTree = "<group>"; };
		F3CB5A9F2997725A00F6E3D2 /* Info.plist */ = {isa = PBXFileReference; lastKnownFileType = text.plist.xml; path = Info.plist; sourceTree = "<group>"; };
		F3CB5AA529978E1000F6E3D2 /* Notifications.swift */ = {isa = PBXFileReference; lastKnownFileType = sourcecode.swift; path = Notifications.swift; sourceTree = "<group>"; };
/* End PBXFileReference section */

/* Begin PBXFrameworksBuildPhase section */
		F3CB5A8B2997725A00F6E3D2 /* Frameworks */ = {
			isa = PBXFrameworksBuildPhase;
			buildActionMask = 2147483647;
			files = (
			);
			runOnlyForDeploymentPostprocessing = 0;
		};
/* End PBXFrameworksBuildPhase section */

/* Begin PBXGroup section */
		1320B2FB29A6B446002FB100 /* Views */ = {
			isa = PBXGroup;
			children = (
				F3CB5A952997725A00F6E3D2 /* ViewController1.swift */,
				1320B2FF29A6B59B002FB100 /* ViewController2.swift */,
				1320B30129A6B5D5002FB100 /* ViewController3.swift */,
				1320B30329A6B5F5002FB100 /* ViewController4.swift */,
				F3CB5A972997725A00F6E3D2 /* Main.storyboard */,
				F3CB5A9C2997725A00F6E3D2 /* LaunchScreen.storyboard */,
			);
			path = Views;
			sourceTree = "<group>";
		};
		1320B2FC29A6B45B002FB100 /* CustomNotificationCenter */ = {
			isa = PBXGroup;
			children = (
				F3CB5AA529978E1000F6E3D2 /* Notifications.swift */,
				1320B2FD29A6B473002FB100 /* NotificationEntity.swift */,
			);
			path = CustomNotificationCenter;
			sourceTree = "<group>";
		};
		F3CB5A852997725A00F6E3D2 = {
			isa = PBXGroup;
			children = (
				F3CB5A902997725A00F6E3D2 /* NotificationCenter */,
				F3CB5A8F2997725A00F6E3D2 /* Products */,
			);
			sourceTree = "<group>";
		};
		F3CB5A8F2997725A00F6E3D2 /* Products */ = {
			isa = PBXGroup;
			children = (
				F3CB5A8E2997725A00F6E3D2 /* NotificationCenter.app */,
			);
			name = Products;
			sourceTree = "<group>";
		};
		F3CB5A902997725A00F6E3D2 /* NotificationCenter */ = {
			isa = PBXGroup;
			children = (
				F3CB5A912997725A00F6E3D2 /* AppDelegate.swift */,
				F3CB5A932997725A00F6E3D2 /* SceneDelegate.swift */,
				1320B2FC29A6B45B002FB100 /* CustomNotificationCenter */,
				1320B2FB29A6B446002FB100 /* Views */,
				F3CB5A9A2997725A00F6E3D2 /* Assets.xcassets */,
				F3CB5A9F2997725A00F6E3D2 /* Info.plist */,
			);
			path = NotificationCenter;
			sourceTree = "<group>";
		};
/* End PBXGroup section */

/* Begin PBXNativeTarget section */
		F3CB5A8D2997725A00F6E3D2 /* NotificationCenter */ = {
			isa = PBXNativeTarget;
			buildConfigurationList = F3CB5AA22997725A00F6E3D2 /* Build configuration list for PBXNativeTarget "NotificationCenter" */;
			buildPhases = (
				F3CB5A8A2997725A00F6E3D2 /* Sources */,
				F3CB5A8B2997725A00F6E3D2 /* Frameworks */,
				F3CB5A8C2997725A00F6E3D2 /* Resources */,
			);
			buildRules = (
			);
			dependencies = (
			);
			name = NotificationCenter;
			productName = NotificationCenter;
			productReference = F3CB5A8E2997725A00F6E3D2 /* NotificationCenter.app */;
			productType = "com.apple.product-type.application";
		};
/* End PBXNativeTarget section */

/* Begin PBXProject section */
		F3CB5A862997725A00F6E3D2 /* Project object */ = {
			isa = PBXProject;
			attributes = {
				BuildIndependentTargetsInParallel = 1;
				LastSwiftUpdateCheck = 1340;
				LastUpgradeCheck = 1340;
				TargetAttributes = {
					F3CB5A8D2997725A00F6E3D2 = {
						CreatedOnToolsVersion = 13.4.1;
					};
				};
			};
			buildConfigurationList = F3CB5A892997725A00F6E3D2 /* Build configuration list for PBXProject "NotificationCenter" */;
			compatibilityVersion = "Xcode 13.0";
			developmentRegion = en;
			hasScannedForEncodings = 0;
			knownRegions = (
				en,
				Base,
			);
			mainGroup = F3CB5A852997725A00F6E3D2;
			productRefGroup = F3CB5A8F2997725A00F6E3D2 /* Products */;
			projectDirPath = "";
			projectRoot = "";
			targets = (
				F3CB5A8D2997725A00F6E3D2 /* NotificationCenter */,
			);
		};
/* End PBXProject section */

/* Begin PBXResourcesBuildPhase section */
		F3CB5A8C2997725A00F6E3D2 /* Resources */ = {
			isa = PBXResourcesBuildPhase;
			buildActionMask = 2147483647;
			files = (
				F3CB5A9E2997725A00F6E3D2 /* LaunchScreen.storyboard in Resources */,
				F3CB5A9B2997725A00F6E3D2 /* Assets.xcassets in Resources */,
				F3CB5A992997725A00F6E3D2 /* Main.storyboard in Resources */,
			);
			runOnlyForDeploymentPostprocessing = 0;
		};
/* End PBXResourcesBuildPhase section */

/* Begin PBXSourcesBuildPhase section */
		F3CB5A8A2997725A00F6E3D2 /* Sources */ = {
			isa = PBXSourcesBuildPhase;
			buildActionMask = 2147483647;
			files = (
				F3CB5A962997725A00F6E3D2 /* ViewController1.swift in Sources */,
				F3CB5A922997725A00F6E3D2 /* AppDelegate.swift in Sources */,
				F3CB5A942997725A00F6E3D2 /* SceneDelegate.swift in Sources */,
				1320B30429A6B5F5002FB100 /* ViewController4.swift in Sources */,
				1320B2FE29A6B473002FB100 /* NotificationEntity.swift in Sources */,
				F3CB5AA629978E1000F6E3D2 /* Notifications.swift in Sources */,
				1320B30229A6B5D5002FB100 /* ViewController3.swift in Sources */,
				1320B30029A6B59B002FB100 /* ViewController2.swift in Sources */,
			);
			runOnlyForDeploymentPostprocessing = 0;
		};
/* End PBXSourcesBuildPhase section */

/* Begin PBXVariantGroup section */
		F3CB5A972997725A00F6E3D2 /* Main.storyboard */ = {
			isa = PBXVariantGroup;
			children = (
				F3CB5A982997725A00F6E3D2 /* Base */,
			);
			name = Main.storyboard;
			sourceTree = "<group>";
		};
		F3CB5A9C2997725A00F6E3D2 /* LaunchScreen.storyboard */ = {
			isa = PBXVariantGroup;
			children = (
				F3CB5A9D2997725A00F6E3D2 /* Base */,
			);
			name = LaunchScreen.storyboard;
			sourceTree = "<group>";
		};
/* End PBXVariantGroup section */

/* Begin XCBuildConfiguration section */
		F3CB5AA02997725A00F6E3D2 /* Debug */ = {
			isa = XCBuildConfiguration;
			buildSettings = {
				ALWAYS_SEARCH_USER_PATHS = NO;
				CLANG_ANALYZER_NONNULL = YES;
				CLANG_ANALYZER_NUMBER_OBJECT_CONVERSION = YES_AGGRESSIVE;
				CLANG_CXX_LANGUAGE_STANDARD = "gnu++17";
				CLANG_ENABLE_MODULES = YES;
				CLANG_ENABLE_OBJC_ARC = YES;
				CLANG_ENABLE_OBJC_WEAK = YES;
				CLANG_WARN_BLOCK_CAPTURE_AUTORELEASING = YES;
				CLANG_WARN_BOOL_CONVERSION = YES;
				CLANG_WARN_COMMA = YES;
				CLANG_WARN_CONSTANT_CONVERSION = YES;
				CLANG_WARN_DEPRECATED_OBJC_IMPLEMENTATIONS = YES;
				CLANG_WARN_DIRECT_OBJC_ISA_USAGE = YES_ERROR;
				CLANG_WARN_DOCUMENTATION_COMMENTS = YES;
				CLANG_WARN_EMPTY_BODY = YES;
				CLANG_WARN_ENUM_CONVERSION = YES;
				CLANG_WARN_INFINITE_RECURSION = YES;
				CLANG_WARN_INT_CONVERSION = YES;
				CLANG_WARN_NON_LITERAL_NULL_CONVERSION = YES;
				CLANG_WARN_OBJC_IMPLICIT_RETAIN_SELF = YES;
				CLANG_WARN_OBJC_LITERAL_CONVERSION = YES;
				CLANG_WARN_OBJC_ROOT_CLASS = YES_ERROR;
				CLANG_WARN_QUOTED_INCLUDE_IN_FRAMEWORK_HEADER = YES;
				CLANG_WARN_RANGE_LOOP_ANALYSIS = YES;
				CLANG_WARN_STRICT_PROTOTYPES = YES;
				CLANG_WARN_SUSPICIOUS_MOVE = YES;
				CLANG_WARN_UNGUARDED_AVAILABILITY = YES_AGGRESSIVE;
				CLANG_WARN_UNREACHABLE_CODE = YES;
				CLANG_WARN__DUPLICATE_METHOD_MATCH = YES;
				COPY_PHASE_STRIP = NO;
				DEBUG_INFORMATION_FORMAT = dwarf;
				ENABLE_STRICT_OBJC_MSGSEND = YES;
				ENABLE_TESTABILITY = YES;
				GCC_C_LANGUAGE_STANDARD = gnu11;
				GCC_DYNAMIC_NO_PIC = NO;
				GCC_NO_COMMON_BLOCKS = YES;
				GCC_OPTIMIZATION_LEVEL = 0;
				GCC_PREPROCESSOR_DEFINITIONS = (
					"DEBUG=1",
					"$(inherited)",
				);
				GCC_WARN_64_TO_32_BIT_CONVERSION = YES;
				GCC_WARN_ABOUT_RETURN_TYPE = YES_ERROR;
				GCC_WARN_UNDECLARED_SELECTOR = YES;
				GCC_WARN_UNINITIALIZED_AUTOS = YES_AGGRESSIVE;
				GCC_WARN_UNUSED_FUNCTION = YES;
				GCC_WARN_UNUSED_VARIABLE = YES;
				IPHONEOS_DEPLOYMENT_TARGET = 15.5;
				MTL_ENABLE_DEBUG_INFO = INCLUDE_SOURCE;
				MTL_FAST_MATH = YES;
				ONLY_ACTIVE_ARCH = YES;
				SDKROOT = iphoneos;
				SWIFT_ACTIVE_COMPILATION_CONDITIONS = DEBUG;
				SWIFT_OPTIMIZATION_LEVEL = "-Onone";
			};
			name = Debug;
		};
		F3CB5AA12997725A00F6E3D2 /* Release */ = {
			isa = XCBuildConfiguration;
			buildSettings = {
				ALWAYS_SEARCH_USER_PATHS = NO;
				CLANG_ANALYZER_NONNULL = YES;
				CLANG_ANALYZER_NUMBER_OBJECT_CONVERSION = YES_AGGRESSIVE;
				CLANG_CXX_LANGUAGE_STANDARD = "gnu++17";
				CLANG_ENABLE_MODULES = YES;
				CLANG_ENABLE_OBJC_ARC = YES;
				CLANG_ENABLE_OBJC_WEAK = YES;
				CLANG_WARN_BLOCK_CAPTURE_AUTORELEASING = YES;
				CLANG_WARN_BOOL_CONVERSION = YES;
				CLANG_WARN_COMMA = YES;
				CLANG_WARN_CONSTANT_CONVERSION = YES;
				CLANG_WARN_DEPRECATED_OBJC_IMPLEMENTATIONS = YES;
				CLANG_WARN_DIRECT_OBJC_ISA_USAGE = YES_ERROR;
				CLANG_WARN_DOCUMENTATION_COMMENTS = YES;
				CLANG_WARN_EMPTY_BODY = YES;
				CLANG_WARN_ENUM_CONVERSION = YES;
				CLANG_WARN_INFINITE_RECURSION = YES;
				CLANG_WARN_INT_CONVERSION = YES;
				CLANG_WARN_NON_LITERAL_NULL_CONVERSION = YES;
				CLANG_WARN_OBJC_IMPLICIT_RETAIN_SELF = YES;
				CLANG_WARN_OBJC_LITERAL_CONVERSION = YES;
				CLANG_WARN_OBJC_ROOT_CLASS = YES_ERROR;
				CLANG_WARN_QUOTED_INCLUDE_IN_FRAMEWORK_HEADER = YES;
				CLANG_WARN_RANGE_LOOP_ANALYSIS = YES;
				CLANG_WARN_STRICT_PROTOTYPES = YES;
				CLANG_WARN_SUSPICIOUS_MOVE = YES;
				CLANG_WARN_UNGUARDED_AVAILABILITY = YES_AGGRESSIVE;
				CLANG_WARN_UNREACHABLE_CODE = YES;
				CLANG_WARN__DUPLICATE_METHOD_MATCH = YES;
				COPY_PHASE_STRIP = NO;
				DEBUG_INFORMATION_FORMAT = "dwarf-with-dsym";
				ENABLE_NS_ASSERTIONS = NO;
				ENABLE_STRICT_OBJC_MSGSEND = YES;
				GCC_C_LANGUAGE_STANDARD = gnu11;
				GCC_NO_COMMON_BLOCKS = YES;
				GCC_WARN_64_TO_32_BIT_CONVERSION = YES;
				GCC_WARN_ABOUT_RETURN_TYPE = YES_ERROR;
				GCC_WARN_UNDECLARED_SELECTOR = YES;
				GCC_WARN_UNINITIALIZED_AUTOS = YES_AGGRESSIVE;
				GCC_WARN_UNUSED_FUNCTION = YES;
				GCC_WARN_UNUSED_VARIABLE = YES;
				IPHONEOS_DEPLOYMENT_TARGET = 15.5;
				MTL_ENABLE_DEBUG_INFO = NO;
				MTL_FAST_MATH = YES;
				SDKROOT = iphoneos;
				SWIFT_COMPILATION_MODE = wholemodule;
				SWIFT_OPTIMIZATION_LEVEL = "-O";
				VALIDATE_PRODUCT = YES;
			};
			name = Release;
		};
		F3CB5AA32997725A00F6E3D2 /* Debug */ = {
			isa = XCBuildConfiguration;
			buildSettings = {
				ASSETCATALOG_COMPILER_APPICON_NAME = AppIcon;
				ASSETCATALOG_COMPILER_GLOBAL_ACCENT_COLOR_NAME = AccentColor;
				CODE_SIGN_STYLE = Automatic;
				CURRENT_PROJECT_VERSION = 1;
				DEVELOPMENT_TEAM = YC2L4BX3QP;
				GENERATE_INFOPLIST_FILE = YES;
				INFOPLIST_FILE = NotificationCenter/Info.plist;
				INFOPLIST_KEY_UIApplicationSupportsIndirectInputEvents = YES;
				INFOPLIST_KEY_UILaunchStoryboardName = LaunchScreen;
				INFOPLIST_KEY_UIMainStoryboardFile = Main;
				INFOPLIST_KEY_UISupportedInterfaceOrientations_iPad = "UIInterfaceOrientationPortrait UIInterfaceOrientationPortraitUpsideDown UIInterfaceOrientationLandscapeLeft UIInterfaceOrientationLandscapeRight";
				INFOPLIST_KEY_UISupportedInterfaceOrientations_iPhone = "UIInterfaceOrientationPortrait UIInterfaceOrientationLandscapeLeft UIInterfaceOrientationLandscapeRight";
				LD_RUNPATH_SEARCH_PATHS = (
					"$(inherited)",
					"@executable_path/Frameworks",
				);
				MARKETING_VERSION = 1.0;
				PRODUCT_BUNDLE_IDENTIFIER = Gojek.com.NotificationCenter;
				PRODUCT_NAME = "$(TARGET_NAME)";
				SWIFT_EMIT_LOC_STRINGS = YES;
				SWIFT_VERSION = 5.0;
				TARGETED_DEVICE_FAMILY = "1,2";
			};
			name = Debug;
		};
		F3CB5AA42997725A00F6E3D2 /* Release */ = {
			isa = XCBuildConfiguration;
			buildSettings = {
				ASSETCATALOG_COMPILER_APPICON_NAME = AppIcon;
				ASSETCATALOG_COMPILER_GLOBAL_ACCENT_COLOR_NAME = AccentColor;
				CODE_SIGN_STYLE = Automatic;
				CURRENT_PROJECT_VERSION = 1;
				DEVELOPMENT_TEAM = YC2L4BX3QP;
				GENERATE_INFOPLIST_FILE = YES;
				INFOPLIST_FILE = NotificationCenter/Info.plist;
				INFOPLIST_KEY_UIApplicationSupportsIndirectInputEvents = YES;
				INFOPLIST_KEY_UILaunchStoryboardName = LaunchScreen;
				INFOPLIST_KEY_UIMainStoryboardFile = Main;
				INFOPLIST_KEY_UISupportedInterfaceOrientations_iPad = "UIInterfaceOrientationPortrait UIInterfaceOrientationPortraitUpsideDown UIInterfaceOrientationLandscapeLeft UIInterfaceOrientationLandscapeRight";
				INFOPLIST_KEY_UISupportedInterfaceOrientations_iPhone = "UIInterfaceOrientationPortrait UIInterfaceOrientationLandscapeLeft UIInterfaceOrientationLandscapeRight";
				LD_RUNPATH_SEARCH_PATHS = (
					"$(inherited)",
					"@executable_path/Frameworks",
				);
				MARKETING_VERSION = 1.0;
				PRODUCT_BUNDLE_IDENTIFIER = Gojek.com.NotificationCenter;
				PRODUCT_NAME = "$(TARGET_NAME)";
				SWIFT_EMIT_LOC_STRINGS = YES;
				SWIFT_VERSION = 5.0;
				TARGETED_DEVICE_FAMILY = "1,2";
			};
			name = Release;
		};
/* End XCBuildConfiguration section */

/* Begin XCConfigurationList section */
		F3CB5A892997725A00F6E3D2 /* Build configuration list for PBXProject "NotificationCenter" */ = {
			isa = XCConfigurationList;
			buildConfigurations = (
				F3CB5AA02997725A00F6E3D2 /* Debug */,
				F3CB5AA12997725A00F6E3D2 /* Release */,
			);
			defaultConfigurationIsVisible = 0;
			defaultConfigurationName = Release;
		};
		F3CB5AA22997725A00F6E3D2 /* Build configuration list for PBXNativeTarget "NotificationCenter" */ = {
			isa = XCConfigurationList;
			buildConfigurations = (
				F3CB5AA32997725A00F6E3D2 /* Debug */,
				F3CB5AA42997725A00F6E3D2 /* Release */,
			);
			defaultConfigurationIsVisible = 0;
			defaultConfigurationName = Release;
		};
/* End XCConfigurationList section */
	};
	rootObject = F3CB5A862997725A00F6E3D2 /* Project object */;
}
